// !$*UTF8*$!
{
	archiveVersion = 1;
	classes = {
	};
	objectVersion = 55;
	objects = {

/* Begin PBXBuildFile section */
		B3089D05284A25620024CDFB /* ProductsViewModel.swift in Sources */ = {isa = PBXBuildFile; fileRef = B3089D04284A25610024CDFB /* ProductsViewModel.swift */; };
		B32437E42853966C00EC6131 /* FeedView.swift in Sources */ = {isa = PBXBuildFile; fileRef = B32437E32853966C00EC6131 /* FeedView.swift */; };
		B32437E62853969900EC6131 /* EditProfileView.swift in Sources */ = {isa = PBXBuildFile; fileRef = B32437E52853969900EC6131 /* EditProfileView.swift */; };
		B34CF6A1285BD0F50034ED40 /* AppViewModel.swift in Sources */ = {isa = PBXBuildFile; fileRef = B34CF6A0285BD0F50034ED40 /* AppViewModel.swift */; };
		B34CF6A3285C04330034ED40 /* FavoriteProducts.swift in Sources */ = {isa = PBXBuildFile; fileRef = B34CF6A2285C04330034ED40 /* FavoriteProducts.swift */; };
		B34CF6A5285C9F1E0034ED40 /* RoutinesViewModel.swift in Sources */ = {isa = PBXBuildFile; fileRef = B34CF6A4285C9F1E0034ED40 /* RoutinesViewModel.swift */; };
		B34CF6A7285CCDAF0034ED40 /* SelectProductView.swift in Sources */ = {isa = PBXBuildFile; fileRef = B34CF6A6285CCDAF0034ED40 /* SelectProductView.swift */; };
		B34CF6A9285CD10D0034ED40 /* ProductSelectList.swift in Sources */ = {isa = PBXBuildFile; fileRef = B34CF6A8285CD10D0034ED40 /* ProductSelectList.swift */; };
		B34CF6AD285CD2240034ED40 /* ProductSelectView.swift in Sources */ = {isa = PBXBuildFile; fileRef = B34CF6AC285CD2240034ED40 /* ProductSelectView.swift */; };
		B34CF6AF285CD4300034ED40 /* CategoryRoutineView.swift in Sources */ = {isa = PBXBuildFile; fileRef = B34CF6AE285CD4300034ED40 /* CategoryRoutineView.swift */; };
		B38D0CA62840EF8F005A1E10 /* FirebaseAnalytics in Frameworks */ = {isa = PBXBuildFile; productRef = B38D0CA52840EF8F005A1E10 /* FirebaseAnalytics */; };
		B38D0CA82840EF8F005A1E10 /* FirebaseAuth in Frameworks */ = {isa = PBXBuildFile; productRef = B38D0CA72840EF8F005A1E10 /* FirebaseAuth */; };
		B38D0CAA2840EF8F005A1E10 /* FirebaseDatabase in Frameworks */ = {isa = PBXBuildFile; productRef = B38D0CA92840EF8F005A1E10 /* FirebaseDatabase */; };
		B38D0CAC2840EF8F005A1E10 /* FirebaseFirestore in Frameworks */ = {isa = PBXBuildFile; productRef = B38D0CAB2840EF8F005A1E10 /* FirebaseFirestore */; };
		B38D0CAE2840EF8F005A1E10 /* FirebaseFunctions in Frameworks */ = {isa = PBXBuildFile; productRef = B38D0CAD2840EF8F005A1E10 /* FirebaseFunctions */; };
		B3D2F12A2840F9C800407425 /* SignUpView.swift in Sources */ = {isa = PBXBuildFile; fileRef = B3D2F1292840F9C800407425 /* SignUpView.swift */; };
		B3D2F12E28410F9400407425 /* ProductCard.swift in Sources */ = {isa = PBXBuildFile; fileRef = B3D2F12D28410F9400407425 /* ProductCard.swift */; };
		B3D2F1302841134E00407425 /* ProductList.swift in Sources */ = {isa = PBXBuildFile; fileRef = B3D2F12F2841134E00407425 /* ProductList.swift */; };
		B3D2F1322841163F00407425 /* ProductView.swift in Sources */ = {isa = PBXBuildFile; fileRef = B3D2F1312841163F00407425 /* ProductView.swift */; };
		B3D2F13428411F2B00407425 /* CategoryView.swift in Sources */ = {isa = PBXBuildFile; fileRef = B3D2F13328411F2B00407425 /* CategoryView.swift */; };
		B3D2F136284122A100407425 /* AddProductView.swift in Sources */ = {isa = PBXBuildFile; fileRef = B3D2F135284122A100407425 /* AddProductView.swift */; };
		B3E80C4028535E4400314744 /* RoutineModel.swift in Sources */ = {isa = PBXBuildFile; fileRef = B3E80C3F28535E4400314744 /* RoutineModel.swift */; };
		B3E80C4228535F6800314744 /* RoutineView.swift in Sources */ = {isa = PBXBuildFile; fileRef = B3E80C4128535F6800314744 /* RoutineView.swift */; };
		B3E80C4428535F8300314744 /* RoutineList.swift in Sources */ = {isa = PBXBuildFile; fileRef = B3E80C4328535F8300314744 /* RoutineList.swift */; };
		B3E80C4A2853660F00314744 /* DatabaseManager.swift in Sources */ = {isa = PBXBuildFile; fileRef = B3E80C492853660F00314744 /* DatabaseManager.swift */; };
		B3E80C4C28536B6A00314744 /* UserModel.swift in Sources */ = {isa = PBXBuildFile; fileRef = B3E80C4B28536B6A00314744 /* UserModel.swift */; };
		B3E80C4E28536B7800314744 /* PostModel.swift in Sources */ = {isa = PBXBuildFile; fileRef = B3E80C4D28536B7800314744 /* PostModel.swift */; };
		B3E80C50285373D000314744 /* ProductViewController.swift in Sources */ = {isa = PBXBuildFile; fileRef = B3E80C4F285373CF00314744 /* ProductViewController.swift */; };
		B3E80C5228537D6300314744 /* AddRoutineView.swift in Sources */ = {isa = PBXBuildFile; fileRef = B3E80C5128537D6300314744 /* AddRoutineView.swift */; };
		B3E80C542853829400314744 /* PhotoPickerController.swift in Sources */ = {isa = PBXBuildFile; fileRef = B3E80C532853829400314744 /* PhotoPickerController.swift */; };
		B3F98E7F2840E68500CA8983 /* GoogleService-Info.plist in Resources */ = {isa = PBXBuildFile; fileRef = B3F98E7E2840E68500CA8983 /* GoogleService-Info.plist */; };
		B3FBB04128356C8000DB85B8 /* MakeupRoutineApp.swift in Sources */ = {isa = PBXBuildFile; fileRef = B3FBB04028356C8000DB85B8 /* MakeupRoutineApp.swift */; };
		B3FBB04328356C8000DB85B8 /* ContentView.swift in Sources */ = {isa = PBXBuildFile; fileRef = B3FBB04228356C8000DB85B8 /* ContentView.swift */; };
		B3FBB04528356C8200DB85B8 /* Assets.xcassets in Resources */ = {isa = PBXBuildFile; fileRef = B3FBB04428356C8200DB85B8 /* Assets.xcassets */; };
		B3FBB04828356C8200DB85B8 /* Preview Assets.xcassets in Resources */ = {isa = PBXBuildFile; fileRef = B3FBB04728356C8200DB85B8 /* Preview Assets.xcassets */; };
		B3FBB05F2837212A00DB85B8 /* HomeView.swift in Sources */ = {isa = PBXBuildFile; fileRef = B3FBB05E2837212A00DB85B8 /* HomeView.swift */; };
		B3FBB0612837216800DB85B8 /* RoutinesView.swift in Sources */ = {isa = PBXBuildFile; fileRef = B3FBB0602837216800DB85B8 /* RoutinesView.swift */; };
		B3FBB0632837217600DB85B8 /* CreateView.swift in Sources */ = {isa = PBXBuildFile; fileRef = B3FBB0622837217600DB85B8 /* CreateView.swift */; };
		B3FBB0652837218700DB85B8 /* ProfileView.swift in Sources */ = {isa = PBXBuildFile; fileRef = B3FBB0642837218700DB85B8 /* ProfileView.swift */; };
		B3FBB0672837219400DB85B8 /* SettingsView.swift in Sources */ = {isa = PBXBuildFile; fileRef = B3FBB0662837219400DB85B8 /* SettingsView.swift */; };
		B3FBB0692837BD6400DB85B8 /* TabBar.swift in Sources */ = {isa = PBXBuildFile; fileRef = B3FBB0682837BD6400DB85B8 /* TabBar.swift */; };
		B3FBB06B2837D25D00DB85B8 /* ProductModel.swift in Sources */ = {isa = PBXBuildFile; fileRef = B3FBB06A2837D25D00DB85B8 /* ProductModel.swift */; };
		B3FBB06D2840DB5800DB85B8 /* SignInView.swift in Sources */ = {isa = PBXBuildFile; fileRef = B3FBB06C2840DB5800DB85B8 /* SignInView.swift */; };
/* End PBXBuildFile section */

/* Begin PBXFileReference section */
		B3089D04284A25610024CDFB /* ProductsViewModel.swift */ = {isa = PBXFileReference; lastKnownFileType = sourcecode.swift; path = ProductsViewModel.swift; sourceTree = "<group>"; };
		B32437E32853966C00EC6131 /* FeedView.swift */ = {isa = PBXFileReference; lastKnownFileType = sourcecode.swift; path = FeedView.swift; sourceTree = "<group>"; };
		B32437E52853969900EC6131 /* EditProfileView.swift */ = {isa = PBXFileReference; lastKnownFileType = sourcecode.swift; path = EditProfileView.swift; sourceTree = "<group>"; };
		B34CF6A0285BD0F50034ED40 /* AppViewModel.swift */ = {isa = PBXFileReference; lastKnownFileType = sourcecode.swift; path = AppViewModel.swift; sourceTree = "<group>"; };
		B34CF6A2285C04330034ED40 /* FavoriteProducts.swift */ = {isa = PBXFileReference; lastKnownFileType = sourcecode.swift; path = FavoriteProducts.swift; sourceTree = "<group>"; };
		B34CF6A4285C9F1E0034ED40 /* RoutinesViewModel.swift */ = {isa = PBXFileReference; lastKnownFileType = sourcecode.swift; path = RoutinesViewModel.swift; sourceTree = "<group>"; };
		B34CF6A6285CCDAF0034ED40 /* SelectProductView.swift */ = {isa = PBXFileReference; lastKnownFileType = sourcecode.swift; path = SelectProductView.swift; sourceTree = "<group>"; };
		B34CF6A8285CD10D0034ED40 /* ProductSelectList.swift */ = {isa = PBXFileReference; lastKnownFileType = sourcecode.swift; path = ProductSelectList.swift; sourceTree = "<group>"; };
		B34CF6AC285CD2240034ED40 /* ProductSelectView.swift */ = {isa = PBXFileReference; lastKnownFileType = sourcecode.swift; path = ProductSelectView.swift; sourceTree = "<group>"; };
		B34CF6AE285CD4300034ED40 /* CategoryRoutineView.swift */ = {isa = PBXFileReference; lastKnownFileType = sourcecode.swift; path = CategoryRoutineView.swift; sourceTree = "<group>"; };
		B3D2F1292840F9C800407425 /* SignUpView.swift */ = {isa = PBXFileReference; lastKnownFileType = sourcecode.swift; path = SignUpView.swift; sourceTree = "<group>"; };
		B3D2F12D28410F9400407425 /* ProductCard.swift */ = {isa = PBXFileReference; lastKnownFileType = sourcecode.swift; path = ProductCard.swift; sourceTree = "<group>"; };
		B3D2F12F2841134E00407425 /* ProductList.swift */ = {isa = PBXFileReference; lastKnownFileType = sourcecode.swift; path = ProductList.swift; sourceTree = "<group>"; };
		B3D2F1312841163F00407425 /* ProductView.swift */ = {isa = PBXFileReference; lastKnownFileType = sourcecode.swift; path = ProductView.swift; sourceTree = "<group>"; };
		B3D2F13328411F2B00407425 /* CategoryView.swift */ = {isa = PBXFileReference; lastKnownFileType = sourcecode.swift; path = CategoryView.swift; sourceTree = "<group>"; };
		B3D2F135284122A100407425 /* AddProductView.swift */ = {isa = PBXFileReference; lastKnownFileType = sourcecode.swift; path = AddProductView.swift; sourceTree = "<group>"; };
		B3E80C3F28535E4400314744 /* RoutineModel.swift */ = {isa = PBXFileReference; lastKnownFileType = sourcecode.swift; path = RoutineModel.swift; sourceTree = "<group>"; };
		B3E80C4128535F6800314744 /* RoutineView.swift */ = {isa = PBXFileReference; lastKnownFileType = sourcecode.swift; path = RoutineView.swift; sourceTree = "<group>"; };
		B3E80C4328535F8300314744 /* RoutineList.swift */ = {isa = PBXFileReference; lastKnownFileType = sourcecode.swift; path = RoutineList.swift; sourceTree = "<group>"; };
		B3E80C492853660F00314744 /* DatabaseManager.swift */ = {isa = PBXFileReference; lastKnownFileType = sourcecode.swift; path = DatabaseManager.swift; sourceTree = "<group>"; };
		B3E80C4B28536B6A00314744 /* UserModel.swift */ = {isa = PBXFileReference; lastKnownFileType = sourcecode.swift; path = UserModel.swift; sourceTree = "<group>"; };
		B3E80C4D28536B7800314744 /* PostModel.swift */ = {isa = PBXFileReference; lastKnownFileType = sourcecode.swift; path = PostModel.swift; sourceTree = "<group>"; };
		B3E80C4F285373CF00314744 /* ProductViewController.swift */ = {isa = PBXFileReference; lastKnownFileType = sourcecode.swift; path = ProductViewController.swift; sourceTree = "<group>"; };
		B3E80C5128537D6300314744 /* AddRoutineView.swift */ = {isa = PBXFileReference; lastKnownFileType = sourcecode.swift; path = AddRoutineView.swift; sourceTree = "<group>"; };
		B3E80C532853829400314744 /* PhotoPickerController.swift */ = {isa = PBXFileReference; lastKnownFileType = sourcecode.swift; path = PhotoPickerController.swift; sourceTree = "<group>"; };
		B3F98E7E2840E68500CA8983 /* GoogleService-Info.plist */ = {isa = PBXFileReference; fileEncoding = 4; lastKnownFileType = text.plist.xml; name = "GoogleService-Info.plist"; path = "../../../../../Downloads/GoogleService-Info.plist"; sourceTree = "<group>"; };
		B3FBB03D28356C8000DB85B8 /* MakeupRoutine.app */ = {isa = PBXFileReference; explicitFileType = wrapper.application; includeInIndex = 0; path = MakeupRoutine.app; sourceTree = BUILT_PRODUCTS_DIR; };
		B3FBB04028356C8000DB85B8 /* MakeupRoutineApp.swift */ = {isa = PBXFileReference; lastKnownFileType = sourcecode.swift; path = MakeupRoutineApp.swift; sourceTree = "<group>"; };
		B3FBB04228356C8000DB85B8 /* ContentView.swift */ = {isa = PBXFileReference; lastKnownFileType = sourcecode.swift; path = ContentView.swift; sourceTree = "<group>"; };
		B3FBB04428356C8200DB85B8 /* Assets.xcassets */ = {isa = PBXFileReference; lastKnownFileType = folder.assetcatalog; path = Assets.xcassets; sourceTree = "<group>"; };
		B3FBB04728356C8200DB85B8 /* Preview Assets.xcassets */ = {isa = PBXFileReference; lastKnownFileType = folder.assetcatalog; path = "Preview Assets.xcassets"; sourceTree = "<group>"; };
		B3FBB05E2837212A00DB85B8 /* HomeView.swift */ = {isa = PBXFileReference; lastKnownFileType = sourcecode.swift; path = HomeView.swift; sourceTree = "<group>"; };
		B3FBB0602837216800DB85B8 /* RoutinesView.swift */ = {isa = PBXFileReference; lastKnownFileType = sourcecode.swift; path = RoutinesView.swift; sourceTree = "<group>"; };
		B3FBB0622837217600DB85B8 /* CreateView.swift */ = {isa = PBXFileReference; lastKnownFileType = sourcecode.swift; path = CreateView.swift; sourceTree = "<group>"; };
		B3FBB0642837218700DB85B8 /* ProfileView.swift */ = {isa = PBXFileReference; lastKnownFileType = sourcecode.swift; path = ProfileView.swift; sourceTree = "<group>"; };
		B3FBB0662837219400DB85B8 /* SettingsView.swift */ = {isa = PBXFileReference; lastKnownFileType = sourcecode.swift; path = SettingsView.swift; sourceTree = "<group>"; };
		B3FBB0682837BD6400DB85B8 /* TabBar.swift */ = {isa = PBXFileReference; lastKnownFileType = sourcecode.swift; path = TabBar.swift; sourceTree = "<group>"; };
		B3FBB06A2837D25D00DB85B8 /* ProductModel.swift */ = {isa = PBXFileReference; lastKnownFileType = sourcecode.swift; path = ProductModel.swift; sourceTree = "<group>"; };
		B3FBB06C2840DB5800DB85B8 /* SignInView.swift */ = {isa = PBXFileReference; lastKnownFileType = sourcecode.swift; path = SignInView.swift; sourceTree = "<group>"; };
/* End PBXFileReference section */

/* Begin PBXFrameworksBuildPhase section */
		B3FBB03A28356C8000DB85B8 /* Frameworks */ = {
			isa = PBXFrameworksBuildPhase;
			buildActionMask = 2147483647;
			files = (
				B38D0CA62840EF8F005A1E10 /* FirebaseAnalytics in Frameworks */,
				B38D0CA82840EF8F005A1E10 /* FirebaseAuth in Frameworks */,
				B38D0CAA2840EF8F005A1E10 /* FirebaseDatabase in Frameworks */,
				B38D0CAE2840EF8F005A1E10 /* FirebaseFunctions in Frameworks */,
				B38D0CAC2840EF8F005A1E10 /* FirebaseFirestore in Frameworks */,
			);
			runOnlyForDeploymentPostprocessing = 0;
		};
/* End PBXFrameworksBuildPhase section */

/* Begin PBXGroup section */
		B3E80C452853641600314744 /* ViewControllers */ = {
			isa = PBXGroup;
			children = (
				B3E80C4F285373CF00314744 /* ProductViewController.swift */,
				B3E80C532853829400314744 /* PhotoPickerController.swift */,
			);
			path = ViewControllers;
			sourceTree = "<group>";
		};
		B3E80C48285365F800314744 /* Managers */ = {
			isa = PBXGroup;
			children = (
				B3E80C492853660F00314744 /* DatabaseManager.swift */,
			);
			path = Managers;
			sourceTree = "<group>";
		};
		B3FBB03428356C8000DB85B8 = {
			isa = PBXGroup;
			children = (
				B3FBB03F28356C8000DB85B8 /* MakeupRoutine */,
				B3FBB03E28356C8000DB85B8 /* Products */,
			);
			sourceTree = "<group>";
		};
		B3FBB03E28356C8000DB85B8 /* Products */ = {
			isa = PBXGroup;
			children = (
				B3FBB03D28356C8000DB85B8 /* MakeupRoutine.app */,
			);
			name = Products;
			sourceTree = "<group>";
		};
		B3FBB03F28356C8000DB85B8 /* MakeupRoutine */ = {
			isa = PBXGroup;
			children = (
				B3E80C48285365F800314744 /* Managers */,
				B3E80C452853641600314744 /* ViewControllers */,
				B3F98E7E2840E68500CA8983 /* GoogleService-Info.plist */,
				B3FBB04028356C8000DB85B8 /* MakeupRoutineApp.swift */,
				B3FBB04F2837203200DB85B8 /* ViewModels */,
				B3FBB04E2837202A00DB85B8 /* Views */,
				B3FBB0502837203F00DB85B8 /* Models */,
				B3FBB04428356C8200DB85B8 /* Assets.xcassets */,
				B3FBB04628356C8200DB85B8 /* Preview Content */,
			);
			path = MakeupRoutine;
			sourceTree = "<group>";
		};
		B3FBB04628356C8200DB85B8 /* Preview Content */ = {
			isa = PBXGroup;
			children = (
				B3FBB04728356C8200DB85B8 /* Preview Assets.xcassets */,
			);
			path = "Preview Content";
			sourceTree = "<group>";
		};
		B3FBB04E2837202A00DB85B8 /* Views */ = {
			isa = PBXGroup;
			children = (
				B3FBB0532837207400DB85B8 /* Components */,
				B3FBB0522837206C00DB85B8 /* Detail */,
				B3FBB0512837205200DB85B8 /* Main */,
			);
			path = Views;
			sourceTree = "<group>";
		};
		B3FBB04F2837203200DB85B8 /* ViewModels */ = {
			isa = PBXGroup;
			children = (
				B34CF6A2285C04330034ED40 /* FavoriteProducts.swift */,
				B3089D04284A25610024CDFB /* ProductsViewModel.swift */,
				B34CF6A0285BD0F50034ED40 /* AppViewModel.swift */,
				B34CF6A4285C9F1E0034ED40 /* RoutinesViewModel.swift */,
			);
			path = ViewModels;
			sourceTree = "<group>";
		};
		B3FBB0502837203F00DB85B8 /* Models */ = {
			isa = PBXGroup;
			children = (
				B3FBB06A2837D25D00DB85B8 /* ProductModel.swift */,
				B3E80C3F28535E4400314744 /* RoutineModel.swift */,
				B3E80C4B28536B6A00314744 /* UserModel.swift */,
				B3E80C4D28536B7800314744 /* PostModel.swift */,
			);
			path = Models;
			sourceTree = "<group>";
		};
		B3FBB0512837205200DB85B8 /* Main */ = {
			isa = PBXGroup;
			children = (
				B3FBB04228356C8000DB85B8 /* ContentView.swift */,
				B3FBB0682837BD6400DB85B8 /* TabBar.swift */,
				B3FBB05E2837212A00DB85B8 /* HomeView.swift */,
				B3FBB0602837216800DB85B8 /* RoutinesView.swift */,
				B3FBB0622837217600DB85B8 /* CreateView.swift */,
				B32437E32853966C00EC6131 /* FeedView.swift */,
				B3FBB0642837218700DB85B8 /* ProfileView.swift */,
				B3FBB0662837219400DB85B8 /* SettingsView.swift */,
				B3FBB06C2840DB5800DB85B8 /* SignInView.swift */,
				B3D2F1292840F9C800407425 /* SignUpView.swift */,
			);
			path = Main;
			sourceTree = "<group>";
		};
		B3FBB0522837206C00DB85B8 /* Detail */ = {
			isa = PBXGroup;
			children = (
				B3D2F1312841163F00407425 /* ProductView.swift */,
				B3D2F13328411F2B00407425 /* CategoryView.swift */,
				B3D2F135284122A100407425 /* AddProductView.swift */,
				B3E80C4128535F6800314744 /* RoutineView.swift */,
				B3E80C5128537D6300314744 /* AddRoutineView.swift */,
				B32437E52853969900EC6131 /* EditProfileView.swift */,
				B34CF6A6285CCDAF0034ED40 /* SelectProductView.swift */,
				B34CF6AC285CD2240034ED40 /* ProductSelectView.swift */,
				B34CF6AE285CD4300034ED40 /* CategoryRoutineView.swift */,
			);
			path = Detail;
			sourceTree = "<group>";
		};
		B3FBB0532837207400DB85B8 /* Components */ = {
			isa = PBXGroup;
			children = (
				B3D2F12D28410F9400407425 /* ProductCard.swift */,
				B3D2F12F2841134E00407425 /* ProductList.swift */,
				B3E80C4328535F8300314744 /* RoutineList.swift */,
				B34CF6A8285CD10D0034ED40 /* ProductSelectList.swift */,
			);
			path = Components;
			sourceTree = "<group>";
		};
/* End PBXGroup section */

/* Begin PBXNativeTarget section */
		B3FBB03C28356C8000DB85B8 /* MakeupRoutine */ = {
			isa = PBXNativeTarget;
			buildConfigurationList = B3FBB04B28356C8200DB85B8 /* Build configuration list for PBXNativeTarget "MakeupRoutine" */;
			buildPhases = (
				B3FBB03928356C8000DB85B8 /* Sources */,
				B3FBB03A28356C8000DB85B8 /* Frameworks */,
				B3FBB03B28356C8000DB85B8 /* Resources */,
			);
			buildRules = (
			);
			dependencies = (
			);
			name = MakeupRoutine;
			packageProductDependencies = (
				B38D0CA52840EF8F005A1E10 /* FirebaseAnalytics */,
				B38D0CA72840EF8F005A1E10 /* FirebaseAuth */,
				B38D0CA92840EF8F005A1E10 /* FirebaseDatabase */,
				B38D0CAB2840EF8F005A1E10 /* FirebaseFirestore */,
				B38D0CAD2840EF8F005A1E10 /* FirebaseFunctions */,
			);
			productName = MakeupRoutine;
			productReference = B3FBB03D28356C8000DB85B8 /* MakeupRoutine.app */;
			productType = "com.apple.product-type.application";
		};
/* End PBXNativeTarget section */

/* Begin PBXProject section */
		B3FBB03528356C8000DB85B8 /* Project object */ = {
			isa = PBXProject;
			attributes = {
				BuildIndependentTargetsInParallel = 1;
				LastSwiftUpdateCheck = 1320;
				LastUpgradeCheck = 1320;
				TargetAttributes = {
					B3FBB03C28356C8000DB85B8 = {
						CreatedOnToolsVersion = 13.2.1;
					};
				};
			};
			buildConfigurationList = B3FBB03828356C8000DB85B8 /* Build configuration list for PBXProject "MakeupRoutine" */;
			compatibilityVersion = "Xcode 13.0";
			developmentRegion = en;
			hasScannedForEncodings = 0;
			knownRegions = (
				en,
				Base,
			);
			mainGroup = B3FBB03428356C8000DB85B8;
			packageReferences = (
				B38D0CA42840EF8F005A1E10 /* XCRemoteSwiftPackageReference "firebase-ios-sdk" */,
			);
			productRefGroup = B3FBB03E28356C8000DB85B8 /* Products */;
			projectDirPath = "";
			projectRoot = "";
			targets = (
				B3FBB03C28356C8000DB85B8 /* MakeupRoutine */,
			);
		};
/* End PBXProject section */

/* Begin PBXResourcesBuildPhase section */
		B3FBB03B28356C8000DB85B8 /* Resources */ = {
			isa = PBXResourcesBuildPhase;
			buildActionMask = 2147483647;
			files = (
				B3FBB04828356C8200DB85B8 /* Preview Assets.xcassets in Resources */,
				B3FBB04528356C8200DB85B8 /* Assets.xcassets in Resources */,
				B3F98E7F2840E68500CA8983 /* GoogleService-Info.plist in Resources */,
			);
			runOnlyForDeploymentPostprocessing = 0;
		};
/* End PBXResourcesBuildPhase section */

/* Begin PBXSourcesBuildPhase section */
		B3FBB03928356C8000DB85B8 /* Sources */ = {
			isa = PBXSourcesBuildPhase;
			buildActionMask = 2147483647;
			files = (
				B3FBB0672837219400DB85B8 /* SettingsView.swift in Sources */,
				B32437E42853966C00EC6131 /* FeedView.swift in Sources */,
				B34CF6A1285BD0F50034ED40 /* AppViewModel.swift in Sources */,
				B3E80C4E28536B7800314744 /* PostModel.swift in Sources */,
				B34CF6A5285C9F1E0034ED40 /* RoutinesViewModel.swift in Sources */,
				B3FBB05F2837212A00DB85B8 /* HomeView.swift in Sources */,
				B3FBB04328356C8000DB85B8 /* ContentView.swift in Sources */,
				B3FBB0692837BD6400DB85B8 /* TabBar.swift in Sources */,
				B3D2F136284122A100407425 /* AddProductView.swift in Sources */,
				B3D2F1322841163F00407425 /* ProductView.swift in Sources */,
				B3E80C4228535F6800314744 /* RoutineView.swift in Sources */,
				B3FBB06D2840DB5800DB85B8 /* SignInView.swift in Sources */,
				B3E80C4C28536B6A00314744 /* UserModel.swift in Sources */,
				B3089D05284A25620024CDFB /* ProductsViewModel.swift in Sources */,
				B34CF6A7285CCDAF0034ED40 /* SelectProductView.swift in Sources */,
				B3D2F1302841134E00407425 /* ProductList.swift in Sources */,
				B3D2F12A2840F9C800407425 /* SignUpView.swift in Sources */,
				B32437E62853969900EC6131 /* EditProfileView.swift in Sources */,
				B3FBB06B2837D25D00DB85B8 /* ProductModel.swift in Sources */,
				B3E80C4A2853660F00314744 /* DatabaseManager.swift in Sources */,
				B34CF6AF285CD4300034ED40 /* CategoryRoutineView.swift in Sources */,
				B34CF6AD285CD2240034ED40 /* ProductSelectView.swift in Sources */,
				B3E80C542853829400314744 /* PhotoPickerController.swift in Sources */,
				B3FBB04128356C8000DB85B8 /* MakeupRoutineApp.swift in Sources */,
				B3E80C4028535E4400314744 /* RoutineModel.swift in Sources */,
				B34CF6A3285C04330034ED40 /* FavoriteProducts.swift in Sources */,
				B3FBB0632837217600DB85B8 /* CreateView.swift in Sources */,
				B3FBB0652837218700DB85B8 /* ProfileView.swift in Sources */,
				B3E80C5228537D6300314744 /* AddRoutineView.swift in Sources */,
				B3FBB0612837216800DB85B8 /* RoutinesView.swift in Sources */,
				B3D2F12E28410F9400407425 /* ProductCard.swift in Sources */,
				B3E80C4428535F8300314744 /* RoutineList.swift in Sources */,
				B3E80C50285373D000314744 /* ProductViewController.swift in Sources */,
				B34CF6A9285CD10D0034ED40 /* ProductSelectList.swift in Sources */,
				B3D2F13428411F2B00407425 /* CategoryView.swift in Sources */,
			);
			runOnlyForDeploymentPostprocessing = 0;
		};
/* End PBXSourcesBuildPhase section */

/* Begin XCBuildConfiguration section */
		B3FBB04928356C8200DB85B8 /* Debug */ = {
			isa = XCBuildConfiguration;
			buildSettings = {
				ALWAYS_SEARCH_USER_PATHS = NO;
				CLANG_ANALYZER_NONNULL = YES;
				CLANG_ANALYZER_NUMBER_OBJECT_CONVERSION = YES_AGGRESSIVE;
				CLANG_CXX_LANGUAGE_STANDARD = "gnu++17";
				CLANG_CXX_LIBRARY = "libc++";
				CLANG_ENABLE_MODULES = YES;
				CLANG_ENABLE_OBJC_ARC = YES;
				CLANG_ENABLE_OBJC_WEAK = YES;
				CLANG_WARN_BLOCK_CAPTURE_AUTORELEASING = YES;
				CLANG_WARN_BOOL_CONVERSION = YES;
				CLANG_WARN_COMMA = YES;
				CLANG_WARN_CONSTANT_CONVERSION = YES;
				CLANG_WARN_DEPRECATED_OBJC_IMPLEMENTATIONS = YES;
				CLANG_WARN_DIRECT_OBJC_ISA_USAGE = YES_ERROR;
				CLANG_WARN_DOCUMENTATION_COMMENTS = YES;
				CLANG_WARN_EMPTY_BODY = YES;
				CLANG_WARN_ENUM_CONVERSION = YES;
				CLANG_WARN_INFINITE_RECURSION = YES;
				CLANG_WARN_INT_CONVERSION = YES;
				CLANG_WARN_NON_LITERAL_NULL_CONVERSION = YES;
				CLANG_WARN_OBJC_IMPLICIT_RETAIN_SELF = YES;
				CLANG_WARN_OBJC_LITERAL_CONVERSION = YES;
				CLANG_WARN_OBJC_ROOT_CLASS = YES_ERROR;
				CLANG_WARN_QUOTED_INCLUDE_IN_FRAMEWORK_HEADER = YES;
				CLANG_WARN_RANGE_LOOP_ANALYSIS = YES;
				CLANG_WARN_STRICT_PROTOTYPES = YES;
				CLANG_WARN_SUSPICIOUS_MOVE = YES;
				CLANG_WARN_UNGUARDED_AVAILABILITY = YES_AGGRESSIVE;
				CLANG_WARN_UNREACHABLE_CODE = YES;
				CLANG_WARN__DUPLICATE_METHOD_MATCH = YES;
				COPY_PHASE_STRIP = NO;
				DEBUG_INFORMATION_FORMAT = dwarf;
				ENABLE_STRICT_OBJC_MSGSEND = YES;
				ENABLE_TESTABILITY = YES;
				GCC_C_LANGUAGE_STANDARD = gnu11;
				GCC_DYNAMIC_NO_PIC = NO;
				GCC_NO_COMMON_BLOCKS = YES;
				GCC_OPTIMIZATION_LEVEL = 0;
				GCC_PREPROCESSOR_DEFINITIONS = (
					"DEBUG=1",
					"$(inherited)",
				);
				GCC_WARN_64_TO_32_BIT_CONVERSION = YES;
				GCC_WARN_ABOUT_RETURN_TYPE = YES_ERROR;
				GCC_WARN_UNDECLARED_SELECTOR = YES;
				GCC_WARN_UNINITIALIZED_AUTOS = YES_AGGRESSIVE;
				GCC_WARN_UNUSED_FUNCTION = YES;
				GCC_WARN_UNUSED_VARIABLE = YES;
				IPHONEOS_DEPLOYMENT_TARGET = 15.2;
				MTL_ENABLE_DEBUG_INFO = INCLUDE_SOURCE;
				MTL_FAST_MATH = YES;
				ONLY_ACTIVE_ARCH = YES;
				SDKROOT = iphoneos;
				SWIFT_ACTIVE_COMPILATION_CONDITIONS = DEBUG;
				SWIFT_OPTIMIZATION_LEVEL = "-Onone";
			};
			name = Debug;
		};
		B3FBB04A28356C8200DB85B8 /* Release */ = {
			isa = XCBuildConfiguration;
			buildSettings = {
				ALWAYS_SEARCH_USER_PATHS = NO;
				CLANG_ANALYZER_NONNULL = YES;
				CLANG_ANALYZER_NUMBER_OBJECT_CONVERSION = YES_AGGRESSIVE;
				CLANG_CXX_LANGUAGE_STANDARD = "gnu++17";
				CLANG_CXX_LIBRARY = "libc++";
				CLANG_ENABLE_MODULES = YES;
				CLANG_ENABLE_OBJC_ARC = YES;
				CLANG_ENABLE_OBJC_WEAK = YES;
				CLANG_WARN_BLOCK_CAPTURE_AUTORELEASING = YES;
				CLANG_WARN_BOOL_CONVERSION = YES;
				CLANG_WARN_COMMA = YES;
				CLANG_WARN_CONSTANT_CONVERSION = YES;
				CLANG_WARN_DEPRECATED_OBJC_IMPLEMENTATIONS = YES;
				CLANG_WARN_DIRECT_OBJC_ISA_USAGE = YES_ERROR;
				CLANG_WARN_DOCUMENTATION_COMMENTS = YES;
				CLANG_WARN_EMPTY_BODY = YES;
				CLANG_WARN_ENUM_CONVERSION = YES;
				CLANG_WARN_INFINITE_RECURSION = YES;
				CLANG_WARN_INT_CONVERSION = YES;
				CLANG_WARN_NON_LITERAL_NULL_CONVERSION = YES;
				CLANG_WARN_OBJC_IMPLICIT_RETAIN_SELF = YES;
				CLANG_WARN_OBJC_LITERAL_CONVERSION = YES;
				CLANG_WARN_OBJC_ROOT_CLASS = YES_ERROR;
				CLANG_WARN_QUOTED_INCLUDE_IN_FRAMEWORK_HEADER = YES;
				CLANG_WARN_RANGE_LOOP_ANALYSIS = YES;
				CLANG_WARN_STRICT_PROTOTYPES = YES;
				CLANG_WARN_SUSPICIOUS_MOVE = YES;
				CLANG_WARN_UNGUARDED_AVAILABILITY = YES_AGGRESSIVE;
				CLANG_WARN_UNREACHABLE_CODE = YES;
				CLANG_WARN__DUPLICATE_METHOD_MATCH = YES;
				COPY_PHASE_STRIP = NO;
				DEBUG_INFORMATION_FORMAT = "dwarf-with-dsym";
				ENABLE_NS_ASSERTIONS = NO;
				ENABLE_STRICT_OBJC_MSGSEND = YES;
				GCC_C_LANGUAGE_STANDARD = gnu11;
				GCC_NO_COMMON_BLOCKS = YES;
				GCC_WARN_64_TO_32_BIT_CONVERSION = YES;
				GCC_WARN_ABOUT_RETURN_TYPE = YES_ERROR;
				GCC_WARN_UNDECLARED_SELECTOR = YES;
				GCC_WARN_UNINITIALIZED_AUTOS = YES_AGGRESSIVE;
				GCC_WARN_UNUSED_FUNCTION = YES;
				GCC_WARN_UNUSED_VARIABLE = YES;
				IPHONEOS_DEPLOYMENT_TARGET = 15.2;
				MTL_ENABLE_DEBUG_INFO = NO;
				MTL_FAST_MATH = YES;
				SDKROOT = iphoneos;
				SWIFT_COMPILATION_MODE = wholemodule;
				SWIFT_OPTIMIZATION_LEVEL = "-O";
				VALIDATE_PRODUCT = YES;
			};
			name = Release;
		};
		B3FBB04C28356C8200DB85B8 /* Debug */ = {
			isa = XCBuildConfiguration;
			buildSettings = {
				ASSETCATALOG_COMPILER_APPICON_NAME = AppIcon;
				ASSETCATALOG_COMPILER_GLOBAL_ACCENT_COLOR_NAME = AccentColor;
				CODE_SIGN_STYLE = Automatic;
				CURRENT_PROJECT_VERSION = 1;
				DEVELOPMENT_ASSET_PATHS = "\"MakeupRoutine/Preview Content\"";
				DEVELOPMENT_TEAM = KYAPR778TS;
				ENABLE_PREVIEWS = YES;
				GENERATE_INFOPLIST_FILE = YES;
				INFOPLIST_KEY_UIApplicationSceneManifest_Generation = YES;
				INFOPLIST_KEY_UIApplicationSupportsIndirectInputEvents = YES;
				INFOPLIST_KEY_UILaunchScreen_Generation = YES;
				INFOPLIST_KEY_UISupportedInterfaceOrientations_iPad = "UIInterfaceOrientationPortrait UIInterfaceOrientationPortraitUpsideDown UIInterfaceOrientationLandscapeLeft UIInterfaceOrientationLandscapeRight";
				INFOPLIST_KEY_UISupportedInterfaceOrientations_iPhone = "UIInterfaceOrientationPortrait UIInterfaceOrientationLandscapeLeft UIInterfaceOrientationLandscapeRight";
				LD_RUNPATH_SEARCH_PATHS = (
					"$(inherited)",
					"@executable_path/Frameworks",
				);
				MARKETING_VERSION = 1.0;
				PRODUCT_BUNDLE_IDENTIFIER = com.keylinsanchez.MakeupRoutine;
				PRODUCT_NAME = "$(TARGET_NAME)";
				SWIFT_EMIT_LOC_STRINGS = YES;
				SWIFT_VERSION = 5.0;
				TARGETED_DEVICE_FAMILY = "1,2";
			};
			name = Debug;
		};
		B3FBB04D28356C8200DB85B8 /* Release */ = {
			isa = XCBuildConfiguration;
			buildSettings = {
				ASSETCATALOG_COMPILER_APPICON_NAME = AppIcon;
				ASSETCATALOG_COMPILER_GLOBAL_ACCENT_COLOR_NAME = AccentColor;
				CODE_SIGN_STYLE = Automatic;
				CURRENT_PROJECT_VERSION = 1;
				DEVELOPMENT_ASSET_PATHS = "\"MakeupRoutine/Preview Content\"";
				DEVELOPMENT_TEAM = KYAPR778TS;
				ENABLE_PREVIEWS = YES;
				GENERATE_INFOPLIST_FILE = YES;
				INFOPLIST_KEY_UIApplicationSceneManifest_Generation = YES;
				INFOPLIST_KEY_UIApplicationSupportsIndirectInputEvents = YES;
				INFOPLIST_KEY_UILaunchScreen_Generation = YES;
				INFOPLIST_KEY_UISupportedInterfaceOrientations_iPad = "UIInterfaceOrientationPortrait UIInterfaceOrientationPortraitUpsideDown UIInterfaceOrientationLandscapeLeft UIInterfaceOrientationLandscapeRight";
				INFOPLIST_KEY_UISupportedInterfaceOrientations_iPhone = "UIInterfaceOrientationPortrait UIInterfaceOrientationLandscapeLeft UIInterfaceOrientationLandscapeRight";
				LD_RUNPATH_SEARCH_PATHS = (
					"$(inherited)",
					"@executable_path/Frameworks",
				);
				MARKETING_VERSION = 1.0;
				PRODUCT_BUNDLE_IDENTIFIER = com.keylinsanchez.MakeupRoutine;
				PRODUCT_NAME = "$(TARGET_NAME)";
				SWIFT_EMIT_LOC_STRINGS = YES;
				SWIFT_VERSION = 5.0;
				TARGETED_DEVICE_FAMILY = "1,2";
			};
			name = Release;
		};
/* End XCBuildConfiguration section */

/* Begin XCConfigurationList section */
		B3FBB03828356C8000DB85B8 /* Build configuration list for PBXProject "MakeupRoutine" */ = {
			isa = XCConfigurationList;
			buildConfigurations = (
				B3FBB04928356C8200DB85B8 /* Debug */,
				B3FBB04A28356C8200DB85B8 /* Release */,
			);
			defaultConfigurationIsVisible = 0;
			defaultConfigurationName = Release;
		};
		B3FBB04B28356C8200DB85B8 /* Build configuration list for PBXNativeTarget "MakeupRoutine" */ = {
			isa = XCConfigurationList;
			buildConfigurations = (
				B3FBB04C28356C8200DB85B8 /* Debug */,
				B3FBB04D28356C8200DB85B8 /* Release */,
			);
			defaultConfigurationIsVisible = 0;
			defaultConfigurationName = Release;
		};
/* End XCConfigurationList section */

/* Begin XCRemoteSwiftPackageReference section */
		B38D0CA42840EF8F005A1E10 /* XCRemoteSwiftPackageReference "firebase-ios-sdk" */ = {
			isa = XCRemoteSwiftPackageReference;
			repositoryURL = "https://github.com/firebase/firebase-ios-sdk";
			requirement = {
				kind = upToNextMajorVersion;
				minimumVersion = 9.0.0;
			};
		};
/* End XCRemoteSwiftPackageReference section */

/* Begin XCSwiftPackageProductDependency section */
		B38D0CA52840EF8F005A1E10 /* FirebaseAnalytics */ = {
			isa = XCSwiftPackageProductDependency;
			package = B38D0CA42840EF8F005A1E10 /* XCRemoteSwiftPackageReference "firebase-ios-sdk" */;
			productName = FirebaseAnalytics;
		};
		B38D0CA72840EF8F005A1E10 /* FirebaseAuth */ = {
			isa = XCSwiftPackageProductDependency;
			package = B38D0CA42840EF8F005A1E10 /* XCRemoteSwiftPackageReference "firebase-ios-sdk" */;
			productName = FirebaseAuth;
		};
		B38D0CA92840EF8F005A1E10 /* FirebaseDatabase */ = {
			isa = XCSwiftPackageProductDependency;
			package = B38D0CA42840EF8F005A1E10 /* XCRemoteSwiftPackageReference "firebase-ios-sdk" */;
			productName = FirebaseDatabase;
		};
		B38D0CAB2840EF8F005A1E10 /* FirebaseFirestore */ = {
			isa = XCSwiftPackageProductDependency;
			package = B38D0CA42840EF8F005A1E10 /* XCRemoteSwiftPackageReference "firebase-ios-sdk" */;
			productName = FirebaseFirestore;
		};
		B38D0CAD2840EF8F005A1E10 /* FirebaseFunctions */ = {
			isa = XCSwiftPackageProductDependency;
			package = B38D0CA42840EF8F005A1E10 /* XCRemoteSwiftPackageReference "firebase-ios-sdk" */;
			productName = FirebaseFunctions;
		};
/* End XCSwiftPackageProductDependency section */
	};
	rootObject = B3FBB03528356C8000DB85B8 /* Project object */;
}
